{
  "name": "programma cassa",
  "lockfileVersion": 2,
  "requires": true,
  "packages": {
    "": {
      "dependencies": {
        "evilscan": "^1.8.0"
      }
    },
    "node_modules/async": {
      "version": "3.2.0",
      "resolved": "https://registry.npmjs.org/async/-/async-3.2.0.tgz",
      "integrity": "sha512-TR2mEZFVOj2pLStYxLht7TyfuRzaydfpxr3k9RpHIzMgw7A64dzsdqCxH1WJyQdoe8T10nDXd9wnEigmiuHIZw=="
    },
    "node_modules/evilscan": {
      "version": "1.8.0",
      "resolved": "https://registry.npmjs.org/evilscan/-/evilscan-1.8.0.tgz",
      "integrity": "sha512-nbXI1yIZUcbrlQ4wMJV/KLYzIPlrhzFDEt7ivtPmRVk/Lw+l0h4ADrNrCze68QZmk5E/MoBCS/9GV/ss0F9Giw==",
      "dependencies": {
        "async": "^3.2.0",
        "minimist2": "^1.0.2",
        "qjobs": "^1.2.0"
      },
      "bin": {
        "evilscan": "bin/evilscan.js"
      }
    },
    "node_modules/minimist2": {
      "version": "1.0.2",
      "resolved": "https://registry.npmjs.org/minimist2/-/minimist2-1.0.2.tgz",
      "integrity": "sha1-d1B3ZshLClCVLziuGSAWw5LQUkY="
    },
    "node_modules/qjobs": {
      "version": "1.2.0",
      "resolved": "https://registry.npmjs.org/qjobs/-/qjobs-1.2.0.tgz",
      "integrity": "sha512-8YOJEHtxpySA3fFDyCRxA+UUV+fA+rTWnuWvylOK/NCjhY+b4ocCtmu8TtsWb+mYeU+GCHf/S66KZF/AsteKHg==",
      "engines": {
        "node": ">=0.9"
      }
    }
  },
  "dependencies": {
    "async": {
      "version": "3.2.0",
      "resolved": "https://registry.npmjs.org/async/-/async-3.2.0.tgz",
      "integrity": "sha512-TR2mEZFVOj2pLStYxLht7TyfuRzaydfpxr3k9RpHIzMgw7A64dzsdqCxH1WJyQdoe8T10nDXd9wnEigmiuHIZw=="
    },
    "evilscan": {
      "version": "1.8.0",
      "resolved": "https://registry.npmjs.org/evilscan/-/evilscan-1.8.0.tgz",
      "integrity": "sha512-nbXI1yIZUcbrlQ4wMJV/KLYzIPlrhzFDEt7ivtPmRVk/Lw+l0h4ADrNrCze68QZmk5E/MoBCS/9GV/ss0F9Giw==",
      "requires": {
        "async": "^3.2.0",
        "minimist2": "^1.0.2",
        "qjobs": "^1.2.0"
      }
    },
    "minimist2": {
      "version": "1.0.2",
      "resolved": "https://registry.npmjs.org/minimist2/-/minimist2-1.0.2.tgz",
      "integrity": "sha1-d1B3ZshLClCVLziuGSAWw5LQUkY="
    },
    "qjobs": {
      "version": "1.2.0",
      "resolved": "https://registry.npmjs.org/qjobs/-/qjobs-1.2.0.tgz",
      "integrity": "sha512-8YOJEHtxpySA3fFDyCRxA+UUV+fA+rTWnuWvylOK/NCjhY+b4ocCtmu8TtsWb+mYeU+GCHf/S66KZF/AsteKHg=="
    }
  }
}
